{
  "name": "publish-ts",
  "version": "1.0.0",
  "lockfileVersion": 1,
  "requires": true,
  "dependencies": {
    "@atlassian/aui": {
      "version": "8.3.5",
      "resolved": "https://packages.atlassian.com/api/npm/atlassian-npm/@atlassian/aui/-/@atlassian/aui-8.3.5.tgz",
      "integrity": "sha1-hw4XI09VV+ZfMvJAY8Ah8+lQAps=",
      "requires": {
        "@atlassian/brand-logos": "^1.2.0",
        "@atlassian/tipsy": "^1.3.1",
        "backbone": "^1.3.3",
        "css.escape": "1.5.0",
        "fancy-file-input": "~2.0.4",
        "jquery-ui": "^1.12.1",
        "popper.js": "^1.14.5",
        "skatejs": "0.13.17",
        "skatejs-template-html": "0.0.0",
        "trim-extra-html-whitespace": "1.3.0",
        "underscore": "^1.9.1"
      }
    },
    "@atlassian/brand-logos": {
      "version": "1.2.0",
      "resolved": "https://packages.atlassian.com/api/npm/atlassian-npm/@atlassian/brand-logos/-/@atlassian/brand-logos-1.2.0.tgz",
      "integrity": "sha1-hX7f74XP/g+OQGva3LFGj5AHKTA="
    },
    "@atlassian/tipsy": {
      "version": "1.3.2",
      "resolved": "https://packages.atlassian.com/api/npm/atlassian-npm/@atlassian/tipsy/-/@atlassian/tipsy-1.3.2.tgz",
      "integrity": "sha1-5+NNRWIB6Hpj6nIlglu7B+aBmL8="
    },
    "@types/jquery": {
      "version": "2.0.54",
      "resolved": "https://packages.atlassian.com/api/npm/npm-remote/@types/jquery/-/jquery-2.0.54.tgz",
      "integrity": "sha1-15mSRfd8P6tdhOfTK4psIL/R8HI=",
      "dev": true
    },
    "@types/pluralize": {
      "version": "0.0.29",
      "resolved": "https://packages.atlassian.com/api/npm/npm-remote/@types/pluralize/-/pluralize-0.0.29.tgz",
      "integrity": "sha1-b/oz7R/IgTxGm4WWgdCXB+tA0Dw=",
      "dev": true
    },
    "@types/tinymce": {
      "version": "4.5.24",
      "resolved": "https://packages.atlassian.com/api/npm/npm-remote/@types/tinymce/-/tinymce-4.5.24.tgz",
      "integrity": "sha1-4iXj+oLwwqwgOe98OisAyAy940M=",
      "dev": true,
      "requires": {
        "@types/jquery": "*"
      }
    },
    "backbone": {
      "version": "1.4.0",
      "resolved": "https://packages.atlassian.com/api/npm/npm-remote/backbone/-/backbone-1.4.0.tgz",
      "integrity": "sha1-VNtN6d98OBHD8DLzR0mkzSfzvRI=",
      "requires": {
        "underscore": ">=1.8.3"
      }
    },
    "css.escape": {
      "version": "1.5.0",
      "resolved": "https://packages.atlassian.com/api/npm/npm-remote/css.escape/-/css.escape-1.5.0.tgz",
      "integrity": "sha1-lZhNeIfOTKkGhOgTlm9C0e+H7Oo="
    },
    "fancy-file-input": {
      "version": "2.0.4",
      "resolved": "https://packages.atlassian.com/api/npm/npm-remote/fancy-file-input/-/fancy-file-input-2.0.4.tgz",
      "integrity": "sha1-aYwhZILgdkmoJ2gcTbMFT93Joys="
    },
    "jquery-ui": {
      "version": "1.12.1",
      "resolved": "https://packages.atlassian.com/api/npm/npm-remote/jquery-ui/-/jquery-ui-1.12.1.tgz",
      "integrity": "sha1-vLQEXI3QU5wTS8FIjN0+dop6nlE="
    },
    "masks-js": {
      "version": "0.0.2",
      "resolved": "https://packages.atlassian.com/api/npm/npm-remote/masks-js/-/masks-js-0.0.2.tgz",
      "integrity": "sha1-ewf5+aPo/CjsmISdVJeu8E8Uczo="
    },
    "pluralize": {
      "version": "8.0.0",
      "resolved": "https://packages.atlassian.com/api/npm/npm-remote/pluralize/-/pluralize-8.0.0.tgz",
      "integrity": "sha1-Gm+hajjRKhkB4DIPoBcFHFOc47E="
    },
    "popper.js": {
      "version": "1.16.1",
      "resolved": "https://packages.atlassian.com/api/npm/npm-remote/popper.js/-/popper.js-1.16.1.tgz",
      "integrity": "sha1-KiI8s9x7YhPXQOQDcr5A3kPmWxs="
    },
    "skatejs": {
      "version": "0.13.17",
      "resolved": "https://packages.atlassian.com/api/npm/npm-remote/skatejs/-/skatejs-0.13.17.tgz",
      "integrity": "sha1-eiH7s0NNpF5StHthZHFo7p53gHE="
    },
    "skatejs-template-html": {
      "version": "0.0.0",
      "resolved": "https://packages.atlassian.com/api/npm/npm-remote/skatejs-template-html/-/skatejs-template-html-0.0.0.tgz",
      "integrity": "sha1-6ZDBp9S1i3MF/8wzOJOb9AICPfc="
    },
    "tinymce": {
      "version": "4.7.11",
      "resolved": "https://packages.atlassian.com/api/npm/npm-remote/tinymce/-/tinymce-4.7.11.tgz",
      "integrity": "sha1-wFmWN8wLwdip30gS0SiNAtPI3vc="
    },
    "trim-extra-html-whitespace": {
      "version": "1.3.0",
      "resolved": "https://packages.atlassian.com/api/npm/npm-remote/trim-extra-html-whitespace/-/trim-extra-html-whitespace-1.3.0.tgz",
      "integrity": "sha1-tH77DRpfKlaoXMRc6lJWUek0BM8="
    },
    "typescript": {
      "version": "3.8.3",
      "resolved": "https://packages.atlassian.com/api/npm/npm-remote/typescript/-/typescript-3.8.3.tgz",
      "integrity": "sha1-QJ64VE6gM1cRIFhp7EWKsQnuEGE=",
      "dev": true
    },
    "underscore": {
      "version": "1.10.2",
      "resolved": "https://packages.atlassian.com/api/npm/npm-remote/underscore/-/underscore-1.10.2.tgz",
      "integrity": "sha1-c9aqNmjzGI5K2w8ZQ70Sz9fvqq8="
    }
  }
}
